
Microsoft Visual Studio Solution File, Format Version 12.00
# Visual Studio Version 17
VisualStudioVersion = 17.12.35527.113
MinimumVisualStudioVersion = 10.0.40219.1
Project("{FAE04EC0-301F-11D3-BF4B-00C04F79EFBC}") = "1SumMatrixElements", "1SumMatrixElements\1SumMatrixElements.csproj", "{2C4B0A1A-CBBD-4597-9C93-6C6E7E5396AC}"
EndProject
Project("{FAE04EC0-301F-11D3-BF4B-00C04F79EFBC}") = "2SumMatrixColumns", "2SumMatrixColumns\2SumMatrixColumns.csproj", "{37592EE9-B311-45B0-94B7-C31FFD6BF7FB}"
EndProject
Project("{FAE04EC0-301F-11D3-BF4B-00C04F79EFBC}") = "3PrimaryDiagonal", "3PrimaryDiagonal\3PrimaryDiagonal.csproj", "{6E465B3E-AF21-4FFD-8096-3533C7C99FF4}"
EndProject
Project("{FAE04EC0-301F-11D3-BF4B-00C04F79EFBC}") = "4SymbolinMatrix", "4SymbolinMatrix\4SymbolinMatrix.csproj", "{6C1C2EAC-B9C1-4616-BCE3-AF7CDBE03BF7}"
EndProject
Project("{FAE04EC0-301F-11D3-BF4B-00C04F79EFBC}") = "5SquareWithMaximumSum", "5SquareWithMaximumSum\5SquareWithMaximumSum.csproj", "{804724EF-9C0B-4F8D-9E91-3EA5A521493B}"
EndProject
Project("{FAE04EC0-301F-11D3-BF4B-00C04F79EFBC}") = "6Jagged-ArrayModification", "6Jagged-ArrayModification\6Jagged-ArrayModification.csproj", "{A8E9E7EE-54DD-4C90-A588-A53EA38360E3}"
EndProject
Project("{FAE04EC0-301F-11D3-BF4B-00C04F79EFBC}") = "7PascalTriangle", "7PascalTriangle\7PascalTriangle.csproj", "{541E0EF6-2C31-4F7E-A037-E45C12D3D83E}"
EndProject
Global
	GlobalSection(SolutionConfigurationPlatforms) = preSolution
		Debug|Any CPU = Debug|Any CPU
		Release|Any CPU = Release|Any CPU
	EndGlobalSection
	GlobalSection(ProjectConfigurationPlatforms) = postSolution
		{2C4B0A1A-CBBD-4597-9C93-6C6E7E5396AC}.Debug|Any CPU.ActiveCfg = Debug|Any CPU
		{2C4B0A1A-CBBD-4597-9C93-6C6E7E5396AC}.Debug|Any CPU.Build.0 = Debug|Any CPU
		{2C4B0A1A-CBBD-4597-9C93-6C6E7E5396AC}.Release|Any CPU.ActiveCfg = Release|Any CPU
		{2C4B0A1A-CBBD-4597-9C93-6C6E7E5396AC}.Release|Any CPU.Build.0 = Release|Any CPU
		{37592EE9-B311-45B0-94B7-C31FFD6BF7FB}.Debug|Any CPU.ActiveCfg = Debug|Any CPU
		{37592EE9-B311-45B0-94B7-C31FFD6BF7FB}.Debug|Any CPU.Build.0 = Debug|Any CPU
		{37592EE9-B311-45B0-94B7-C31FFD6BF7FB}.Release|Any CPU.ActiveCfg = Release|Any CPU
		{37592EE9-B311-45B0-94B7-C31FFD6BF7FB}.Release|Any CPU.Build.0 = Release|Any CPU
		{6E465B3E-AF21-4FFD-8096-3533C7C99FF4}.Debug|Any CPU.ActiveCfg = Debug|Any CPU
		{6E465B3E-AF21-4FFD-8096-3533C7C99FF4}.Debug|Any CPU.Build.0 = Debug|Any CPU
		{6E465B3E-AF21-4FFD-8096-3533C7C99FF4}.Release|Any CPU.ActiveCfg = Release|Any CPU
		{6E465B3E-AF21-4FFD-8096-3533C7C99FF4}.Release|Any CPU.Build.0 = Release|Any CPU
		{6C1C2EAC-B9C1-4616-BCE3-AF7CDBE03BF7}.Debug|Any CPU.ActiveCfg = Debug|Any CPU
		{6C1C2EAC-B9C1-4616-BCE3-AF7CDBE03BF7}.Debug|Any CPU.Build.0 = Debug|Any CPU
		{6C1C2EAC-B9C1-4616-BCE3-AF7CDBE03BF7}.Release|Any CPU.ActiveCfg = Release|Any CPU
		{6C1C2EAC-B9C1-4616-BCE3-AF7CDBE03BF7}.Release|Any CPU.Build.0 = Release|Any CPU
		{804724EF-9C0B-4F8D-9E91-3EA5A521493B}.Debug|Any CPU.ActiveCfg = Debug|Any CPU
		{804724EF-9C0B-4F8D-9E91-3EA5A521493B}.Debug|Any CPU.Build.0 = Debug|Any CPU
		{804724EF-9C0B-4F8D-9E91-3EA5A521493B}.Release|Any CPU.ActiveCfg = Release|Any CPU
		{804724EF-9C0B-4F8D-9E91-3EA5A521493B}.Release|Any CPU.Build.0 = Release|Any CPU
		{A8E9E7EE-54DD-4C90-A588-A53EA38360E3}.Debug|Any CPU.ActiveCfg = Debug|Any CPU
		{A8E9E7EE-54DD-4C90-A588-A53EA38360E3}.Debug|Any CPU.Build.0 = Debug|Any CPU
		{A8E9E7EE-54DD-4C90-A588-A53EA38360E3}.Release|Any CPU.ActiveCfg = Release|Any CPU
		{A8E9E7EE-54DD-4C90-A588-A53EA38360E3}.Release|Any CPU.Build.0 = Release|Any CPU
		{541E0EF6-2C31-4F7E-A037-E45C12D3D83E}.Debug|Any CPU.ActiveCfg = Debug|Any CPU
		{541E0EF6-2C31-4F7E-A037-E45C12D3D83E}.Debug|Any CPU.Build.0 = Debug|Any CPU
		{541E0EF6-2C31-4F7E-A037-E45C12D3D83E}.Release|Any CPU.ActiveCfg = Release|Any CPU
		{541E0EF6-2C31-4F7E-A037-E45C12D3D83E}.Release|Any CPU.Build.0 = Release|Any CPU
	EndGlobalSection
	GlobalSection(SolutionProperties) = preSolution
		HideSolutionNode = FALSE
	EndGlobalSection
EndGlobal
